{
  "requires": true,
  "lockfileVersion": 1,
  "dependencies": {
    "@types/moo": {
      "version": "0.5.0",
      "resolved": "https://registry.npmjs.org/@types/moo/-/moo-0.5.0.tgz",
      "integrity": "sha512-ldhNEcZeco2Fk38z1vhgjmn2K5wyiFrJK2nLClTx/FqsFuBvqIHkzbZUEzstISobpKeMK8oRCiK/zV3zcTLOPw==",
      "dev": true
    },
    "@types/node": {
      "version": "12.7.5",
      "resolved": "https://registry.npmjs.org/@types/node/-/node-12.7.5.tgz",
      "integrity": "sha512-9fq4jZVhPNW8r+UYKnxF1e2HkDWOWKM5bC2/7c9wPV835I0aOrVbS/Hw/pWPk2uKrNXQqg9Z959Kz+IYDd5p3w==",
      "dev": true
    },
    "moo": {
      "version": "0.5.0",
      "resolved": "https://registry.npmjs.org/moo/-/moo-0.5.0.tgz",
      "integrity": "sha512-AMv6iqhTEd5vT/cQlH6cammKS5ekyHhyqTRKi5zKMWl1RTyFnQ3ohPSBNSm8ySe2wlxSKwDonr9D5ZT44mdO3g=="
    },
    "typescript": {
      "version": "3.6.3",
      "resolved": "https://registry.npmjs.org/typescript/-/typescript-3.6.3.tgz",
      "integrity": "sha512-N7bceJL1CtRQ2RiG0AQME13ksR7DiuQh/QehubYcghzv20tnh+MQnQIuJddTmsbqYj+dztchykemz0zFzlvdQw==",
      "dev": true
    }
  }
}
